
Microsoft Visual Studio Solution File, Format Version 12.00
# Visual Studio Version 17
VisualStudioVersion = 17.7.34031.279
MinimumVisualStudioVersion = 10.0.40219.1
Project("{9A19103F-16F7-4668-BE54-9A1E7A4F7556}") = "MyShop", "MyShop\MyShop.csproj", "{D37E7761-592F-4DCE-9C72-8D0DD5981B40}"
EndProject
Project("{54435603-DBB4-11D2-8724-00A0C9A8B90C}") = "Setup1", "Setup1\Setup1.vdproj", "{94E39763-62DB-48CE-A864-59126B1CE895}"
EndProject
Global
	GlobalSection(SolutionConfigurationPlatforms) = preSolution
		Debug|Any CPU = Debug|Any CPU
		Release|Any CPU = Release|Any CPU
	EndGlobalSection
	GlobalSection(ProjectConfigurationPlatforms) = postSolution
		{D37E7761-592F-4DCE-9C72-8D0DD5981B40}.Debug|Any CPU.ActiveCfg = Debug|Any CPU
		{D37E7761-592F-4DCE-9C72-8D0DD5981B40}.Debug|Any CPU.Build.0 = Debug|Any CPU
		{D37E7761-592F-4DCE-9C72-8D0DD5981B40}.Release|Any CPU.ActiveCfg = Release|Any CPU
		{D37E7761-592F-4DCE-9C72-8D0DD5981B40}.Release|Any CPU.Build.0 = Release|Any CPU
		{94E39763-62DB-48CE-A864-59126B1CE895}.Debug|Any CPU.ActiveCfg = Debug
		{94E39763-62DB-48CE-A864-59126B1CE895}.Release|Any CPU.ActiveCfg = Release
	EndGlobalSection
	GlobalSection(SolutionProperties) = preSolution
		HideSolutionNode = FALSE
	EndGlobalSection
	GlobalSection(ExtensibilityGlobals) = postSolution
		SolutionGuid = {3269EC0F-1A2B-4898-8F38-230E7140A746}
	EndGlobalSection
EndGlobal
